
Microsoft Visual Studio Solution File, Format Version 12.00
Project("{FAE04EC0-301F-11D3-BF4B-00C04F79EFBC}") = "Competition3", "Competition3\Competition3.csproj", "{5C3D3B8A-13CF-44B7-B2E4-10281E1DC3CF}"
EndProject
Global
	GlobalSection(SolutionConfigurationPlatforms) = preSolution
		Debug|Any CPU = Debug|Any CPU
		Release|Any CPU = Release|Any CPU
	EndGlobalSection
	GlobalSection(ProjectConfigurationPlatforms) = postSolution
		{5C3D3B8A-13CF-44B7-B2E4-10281E1DC3CF}.Debug|Any CPU.ActiveCfg = Debug|Any CPU
		{5C3D3B8A-13CF-44B7-B2E4-10281E1DC3CF}.Debug|Any CPU.Build.0 = Debug|Any CPU
		{5C3D3B8A-13CF-44B7-B2E4-10281E1DC3CF}.Release|Any CPU.ActiveCfg = Release|Any CPU
		{5C3D3B8A-13CF-44B7-B2E4-10281E1DC3CF}.Release|Any CPU.Build.0 = Release|Any CPU
	EndGlobalSection
EndGlobal
